// !$*UTF8*$!
{
	archiveVersion = 1;
	classes = {
	};
	objectVersion = 51;
	objects = {

/* Begin PBXBuildFile section */
		2825B2622542DBFD00D6578B /* PostCell.swift in Sources */ = {isa = PBXBuildFile; fileRef = 2825B2612542DBFD00D6578B /* PostCell.swift */; };
		283B7AA7254CE9E300754F07 /* CommentCell.swift in Sources */ = {isa = PBXBuildFile; fileRef = 283B7AA6254CE9E300754F07 /* CommentCell.swift */; };
		286480BB254201D8006483B6 /* AppDelegate.swift in Sources */ = {isa = PBXBuildFile; fileRef = 286480BA254201D8006483B6 /* AppDelegate.swift */; };
		286480BD254201D8006483B6 /* SceneDelegate.swift in Sources */ = {isa = PBXBuildFile; fileRef = 286480BC254201D8006483B6 /* SceneDelegate.swift */; };
		286480C2254201D8006483B6 /* Main.storyboard in Resources */ = {isa = PBXBuildFile; fileRef = 286480C0254201D8006483B6 /* Main.storyboard */; };
		286480C4254201DB006483B6 /* Assets.xcassets in Resources */ = {isa = PBXBuildFile; fileRef = 286480C3254201DB006483B6 /* Assets.xcassets */; };
		286480C7254201DB006483B6 /* LaunchScreen.storyboard in Resources */ = {isa = PBXBuildFile; fileRef = 286480C5254201DB006483B6 /* LaunchScreen.storyboard */; };
		286480D2254201DB006483B6 /* parstagramTests.swift in Sources */ = {isa = PBXBuildFile; fileRef = 286480D1254201DB006483B6 /* parstagramTests.swift */; };
		286480DD254201DB006483B6 /* parstagramUITests.swift in Sources */ = {isa = PBXBuildFile; fileRef = 286480DC254201DB006483B6 /* parstagramUITests.swift */; };
		2872BEE92542C708005B72C3 /* CameraViewController.swift in Sources */ = {isa = PBXBuildFile; fileRef = 2872BEE82542C708005B72C3 /* CameraViewController.swift */; };
		28DF3A4225423C5A0012EBA2 /* LoginViewController.swift in Sources */ = {isa = PBXBuildFile; fileRef = 28DF3A4125423C5A0012EBA2 /* LoginViewController.swift */; };
		28DF3A4425423C640012EBA2 /* FeedViewController.swift in Sources */ = {isa = PBXBuildFile; fileRef = 28DF3A4325423C640012EBA2 /* FeedViewController.swift */; };
		6DAD03F76F498FFB8FA8CA36 /* Pods_parstagram_parstagramUITests.framework in Frameworks */ = {isa = PBXBuildFile; fileRef = DEEDFB2CEBDE6BE4CE2C1E0E /* Pods_parstagram_parstagramUITests.framework */; };
		722CC495B9F8C621C166CA82 /* Pods_parstagram.framework in Frameworks */ = {isa = PBXBuildFile; fileRef = 13D5534D737D1997CC372F42 /* Pods_parstagram.framework */; };
		B64E6331BBE1A38F11A4B84B /* Pods_parstagramTests.framework in Frameworks */ = {isa = PBXBuildFile; fileRef = 89CFC13D1EA06F4C17C5AB59 /* Pods_parstagramTests.framework */; };
/* End PBXBuildFile section */

/* Begin PBXContainerItemProxy section */
		286480CE254201DB006483B6 /* PBXContainerItemProxy */ = {
			isa = PBXContainerItemProxy;
			containerPortal = 286480AF254201D7006483B6 /* Project object */;
			proxyType = 1;
			remoteGlobalIDString = 286480B6254201D8006483B6;
			remoteInfo = parstagram;
		};
		286480D9254201DB006483B6 /* PBXContainerItemProxy */ = {
			isa = PBXContainerItemProxy;
			containerPortal = 286480AF254201D7006483B6 /* Project object */;
			proxyType = 1;
			remoteGlobalIDString = 286480B6254201D8006483B6;
			remoteInfo = parstagram;
		};
/* End PBXContainerItemProxy section */

/* Begin PBXFileReference section */
		1050F0346E1E7813FC8CC23B /* Pods-parstagram-parstagramUITests.debug.xcconfig */ = {isa = PBXFileReference; includeInIndex = 1; lastKnownFileType = text.xcconfig; name = "Pods-parstagram-parstagramUITests.debug.xcconfig"; path = "Target Support Files/Pods-parstagram-parstagramUITests/Pods-parstagram-parstagramUITests.debug.xcconfig"; sourceTree = "<group>"; };
		13D5534D737D1997CC372F42 /* Pods_parstagram.framework */ = {isa = PBXFileReference; explicitFileType = wrapper.framework; includeInIndex = 0; path = Pods_parstagram.framework; sourceTree = BUILT_PRODUCTS_DIR; };
		2825B2612542DBFD00D6578B /* PostCell.swift */ = {isa = PBXFileReference; lastKnownFileType = sourcecode.swift; path = PostCell.swift; sourceTree = "<group>"; };
		283B7AA6254CE9E300754F07 /* CommentCell.swift */ = {isa = PBXFileReference; lastKnownFileType = sourcecode.swift; path = CommentCell.swift; sourceTree = "<group>"; };
		286480B7254201D8006483B6 /* parstagram.app */ = {isa = PBXFileReference; explicitFileType = wrapper.application; includeInIndex = 0; path = parstagram.app; sourceTree = BUILT_PRODUCTS_DIR; };
		286480BA254201D8006483B6 /* AppDelegate.swift */ = {isa = PBXFileReference; lastKnownFileType = sourcecode.swift; path = AppDelegate.swift; sourceTree = "<group>"; };
		286480BC254201D8006483B6 /* SceneDelegate.swift */ = {isa = PBXFileReference; lastKnownFileType = sourcecode.swift; path = SceneDelegate.swift; sourceTree = "<group>"; };
		286480C1254201D8006483B6 /* Base */ = {isa = PBXFileReference; lastKnownFileType = file.storyboard; name = Base; path = Base.lproj/Main.storyboard; sourceTree = "<group>"; };
		286480C3254201DB006483B6 /* Assets.xcassets */ = {isa = PBXFileReference; lastKnownFileType = folder.assetcatalog; path = Assets.xcassets; sourceTree = "<group>"; };
		286480C6254201DB006483B6 /* Base */ = {isa = PBXFileReference; lastKnownFileType = file.storyboard; name = Base; path = Base.lproj/LaunchScreen.storyboard; sourceTree = "<group>"; };
		286480C8254201DB006483B6 /* Info.plist */ = {isa = PBXFileReference; lastKnownFileType = text.plist.xml; path = Info.plist; sourceTree = "<group>"; };
		286480CD254201DB006483B6 /* parstagramTests.xctest */ = {isa = PBXFileReference; explicitFileType = wrapper.cfbundle; includeInIndex = 0; path = parstagramTests.xctest; sourceTree = BUILT_PRODUCTS_DIR; };
		286480D1254201DB006483B6 /* parstagramTests.swift */ = {isa = PBXFileReference; lastKnownFileType = sourcecode.swift; path = parstagramTests.swift; sourceTree = "<group>"; };
		286480D3254201DB006483B6 /* Info.plist */ = {isa = PBXFileReference; lastKnownFileType = text.plist.xml; path = Info.plist; sourceTree = "<group>"; };
		286480D8254201DB006483B6 /* parstagramUITests.xctest */ = {isa = PBXFileReference; explicitFileType = wrapper.cfbundle; includeInIndex = 0; path = parstagramUITests.xctest; sourceTree = BUILT_PRODUCTS_DIR; };
		286480DC254201DB006483B6 /* parstagramUITests.swift */ = {isa = PBXFileReference; lastKnownFileType = sourcecode.swift; path = parstagramUITests.swift; sourceTree = "<group>"; };
		286480DE254201DB006483B6 /* Info.plist */ = {isa = PBXFileReference; lastKnownFileType = text.plist.xml; path = Info.plist; sourceTree = "<group>"; };
		2872BEE82542C708005B72C3 /* CameraViewController.swift */ = {isa = PBXFileReference; lastKnownFileType = sourcecode.swift; path = CameraViewController.swift; sourceTree = "<group>"; };
		28DF3A4125423C5A0012EBA2 /* LoginViewController.swift */ = {isa = PBXFileReference; lastKnownFileType = sourcecode.swift; path = LoginViewController.swift; sourceTree = "<group>"; };
		28DF3A4325423C640012EBA2 /* FeedViewController.swift */ = {isa = PBXFileReference; lastKnownFileType = sourcecode.swift; path = FeedViewController.swift; sourceTree = "<group>"; };
		29359A4894E145C5620AFE75 /* Pods-parstagramTests.release.xcconfig */ = {isa = PBXFileReference; includeInIndex = 1; lastKnownFileType = text.xcconfig; name = "Pods-parstagramTests.release.xcconfig"; path = "Target Support Files/Pods-parstagramTests/Pods-parstagramTests.release.xcconfig"; sourceTree = "<group>"; };
		74EEA6483D2E2695D30B28B9 /* Pods-parstagram.debug.xcconfig */ = {isa = PBXFileReference; includeInIndex = 1; lastKnownFileType = text.xcconfig; name = "Pods-parstagram.debug.xcconfig"; path = "Target Support Files/Pods-parstagram/Pods-parstagram.debug.xcconfig"; sourceTree = "<group>"; };
		89CFC13D1EA06F4C17C5AB59 /* Pods_parstagramTests.framework */ = {isa = PBXFileReference; explicitFileType = wrapper.framework; includeInIndex = 0; path = Pods_parstagramTests.framework; sourceTree = BUILT_PRODUCTS_DIR; };
		96CE0C7C6BF757C29E6098D0 /* Pods-parstagram.release.xcconfig */ = {isa = PBXFileReference; includeInIndex = 1; lastKnownFileType = text.xcconfig; name = "Pods-parstagram.release.xcconfig"; path = "Target Support Files/Pods-parstagram/Pods-parstagram.release.xcconfig"; sourceTree = "<group>"; };
		99B0427308B8EC2158D0584C /* Pods-parstagramTests.debug.xcconfig */ = {isa = PBXFileReference; includeInIndex = 1; lastKnownFileType = text.xcconfig; name = "Pods-parstagramTests.debug.xcconfig"; path = "Target Support Files/Pods-parstagramTests/Pods-parstagramTests.debug.xcconfig"; sourceTree = "<group>"; };
		CFEC9F45D766431FB55367C0 /* Pods-parstagram-parstagramUITests.release.xcconfig */ = {isa = PBXFileReference; includeInIndex = 1; lastKnownFileType = text.xcconfig; name = "Pods-parstagram-parstagramUITests.release.xcconfig"; path = "Target Support Files/Pods-parstagram-parstagramUITests/Pods-parstagram-parstagramUITests.release.xcconfig"; sourceTree = "<group>"; };
		DEEDFB2CEBDE6BE4CE2C1E0E /* Pods_parstagram_parstagramUITests.framework */ = {isa = PBXFileReference; explicitFileType = wrapper.framework; includeInIndex = 0; path = Pods_parstagram_parstagramUITests.framework; sourceTree = BUILT_PRODUCTS_DIR; };
/* End PBXFileReference section */

/* Begin PBXFrameworksBuildPhase section */
		286480B4254201D8006483B6 /* Frameworks */ = {
			isa = PBXFrameworksBuildPhase;
			buildActionMask = 2147483647;
			files = (
				722CC495B9F8C621C166CA82 /* Pods_parstagram.framework in Frameworks */,
			);
			runOnlyForDeploymentPostprocessing = 0;
		};
		286480CA254201DB006483B6 /* Frameworks */ = {
			isa = PBXFrameworksBuildPhase;
			buildActionMask = 2147483647;
			files = (
				B64E6331BBE1A38F11A4B84B /* Pods_parstagramTests.framework in Frameworks */,
			);
			runOnlyForDeploymentPostprocessing = 0;
		};
		286480D5254201DB006483B6 /* Frameworks */ = {
			isa = PBXFrameworksBuildPhase;
			buildActionMask = 2147483647;
			files = (
				6DAD03F76F498FFB8FA8CA36 /* Pods_parstagram_parstagramUITests.framework in Frameworks */,
			);
			runOnlyForDeploymentPostprocessing = 0;
		};
/* End PBXFrameworksBuildPhase section */

/* Begin PBXGroup section */
		286480AE254201D7006483B6 = {
			isa = PBXGroup;
			children = (
				286480B9254201D8006483B6 /* parstagram */,
				286480D0254201DB006483B6 /* parstagramTests */,
				286480DB254201DB006483B6 /* parstagramUITests */,
				286480B8254201D8006483B6 /* Products */,
				8A2A87E2052AA962AAB50F26 /* Pods */,
				6EA21EA3873C7CA5B5443D3E /* Frameworks */,
			);
			sourceTree = "<group>";
		};
		286480B8254201D8006483B6 /* Products */ = {
			isa = PBXGroup;
			children = (
				286480B7254201D8006483B6 /* parstagram.app */,
				286480CD254201DB006483B6 /* parstagramTests.xctest */,
				286480D8254201DB006483B6 /* parstagramUITests.xctest */,
			);
			name = Products;
			sourceTree = "<group>";
		};
		286480B9254201D8006483B6 /* parstagram */ = {
			isa = PBXGroup;
			children = (
				286480BA254201D8006483B6 /* AppDelegate.swift */,
				286480BC254201D8006483B6 /* SceneDelegate.swift */,
				286480C0254201D8006483B6 /* Main.storyboard */,
				286480C3254201DB006483B6 /* Assets.xcassets */,
				286480C5254201DB006483B6 /* LaunchScreen.storyboard */,
				286480C8254201DB006483B6 /* Info.plist */,
				28DF3A4125423C5A0012EBA2 /* LoginViewController.swift */,
				28DF3A4325423C640012EBA2 /* FeedViewController.swift */,
				2872BEE82542C708005B72C3 /* CameraViewController.swift */,
				2825B2612542DBFD00D6578B /* PostCell.swift */,
				283B7AA6254CE9E300754F07 /* CommentCell.swift */,
			);
			path = parstagram;
			sourceTree = "<group>";
		};
		286480D0254201DB006483B6 /* parstagramTests */ = {
			isa = PBXGroup;
			children = (
				286480D1254201DB006483B6 /* parstagramTests.swift */,
				286480D3254201DB006483B6 /* Info.plist */,
			);
			path = parstagramTests;
			sourceTree = "<group>";
		};
		286480DB254201DB006483B6 /* parstagramUITests */ = {
			isa = PBXGroup;
			children = (
				286480DC254201DB006483B6 /* parstagramUITests.swift */,
				286480DE254201DB006483B6 /* Info.plist */,
			);
			path = parstagramUITests;
			sourceTree = "<group>";
		};
		6EA21EA3873C7CA5B5443D3E /* Frameworks */ = {
			isa = PBXGroup;
			children = (
				13D5534D737D1997CC372F42 /* Pods_parstagram.framework */,
				DEEDFB2CEBDE6BE4CE2C1E0E /* Pods_parstagram_parstagramUITests.framework */,
				89CFC13D1EA06F4C17C5AB59 /* Pods_parstagramTests.framework */,
			);
			name = Frameworks;
			sourceTree = "<group>";
		};
		8A2A87E2052AA962AAB50F26 /* Pods */ = {
			isa = PBXGroup;
			children = (
				74EEA6483D2E2695D30B28B9 /* Pods-parstagram.debug.xcconfig */,
				96CE0C7C6BF757C29E6098D0 /* Pods-parstagram.release.xcconfig */,
				1050F0346E1E7813FC8CC23B /* Pods-parstagram-parstagramUITests.debug.xcconfig */,
				CFEC9F45D766431FB55367C0 /* Pods-parstagram-parstagramUITests.release.xcconfig */,
				99B0427308B8EC2158D0584C /* Pods-parstagramTests.debug.xcconfig */,
				29359A4894E145C5620AFE75 /* Pods-parstagramTests.release.xcconfig */,
			);
			path = Pods;
			sourceTree = "<group>";
		};
/* End PBXGroup section */

/* Begin PBXNativeTarget section */
		286480B6254201D8006483B6 /* parstagram */ = {
			isa = PBXNativeTarget;
			buildConfigurationList = 286480E1254201DB006483B6 /* Build configuration list for PBXNativeTarget "parstagram" */;
			buildPhases = (
				2CFC9BB03539CD6FEDA879F5 /* [CP] Check Pods Manifest.lock */,
				286480B3254201D8006483B6 /* Sources */,
				286480B4254201D8006483B6 /* Frameworks */,
				286480B5254201D8006483B6 /* Resources */,
				C38F913683500D9E75D202DE /* [CP] Embed Pods Frameworks */,
			);
			buildRules = (
			);
			dependencies = (
			);
			name = parstagram;
			productName = parstagram;
			productReference = 286480B7254201D8006483B6 /* parstagram.app */;
			productType = "com.apple.product-type.application";
		};
		286480CC254201DB006483B6 /* parstagramTests */ = {
			isa = PBXNativeTarget;
			buildConfigurationList = 286480E4254201DB006483B6 /* Build configuration list for PBXNativeTarget "parstagramTests" */;
			buildPhases = (
				5983703C8BFE9A1D9239B81C /* [CP] Check Pods Manifest.lock */,
				286480C9254201DB006483B6 /* Sources */,
				286480CA254201DB006483B6 /* Frameworks */,
				286480CB254201DB006483B6 /* Resources */,
			);
			buildRules = (
			);
			dependencies = (
				286480CF254201DB006483B6 /* PBXTargetDependency */,
			);
			name = parstagramTests;
			productName = parstagramTests;
			productReference = 286480CD254201DB006483B6 /* parstagramTests.xctest */;
			productType = "com.apple.product-type.bundle.unit-test";
		};
		286480D7254201DB006483B6 /* parstagramUITests */ = {
			isa = PBXNativeTarget;
			buildConfigurationList = 286480E7254201DB006483B6 /* Build configuration list for PBXNativeTarget "parstagramUITests" */;
			buildPhases = (
				8436095EFF3F04ABE819CE9B /* [CP] Check Pods Manifest.lock */,
				286480D4254201DB006483B6 /* Sources */,
				286480D5254201DB006483B6 /* Frameworks */,
				286480D6254201DB006483B6 /* Resources */,
				F718C64F58B399510525A48C /* [CP] Embed Pods Frameworks */,
			);
			buildRules = (
			);
			dependencies = (
				286480DA254201DB006483B6 /* PBXTargetDependency */,
			);
			name = parstagramUITests;
			productName = parstagramUITests;
			productReference = 286480D8254201DB006483B6 /* parstagramUITests.xctest */;
			productType = "com.apple.product-type.bundle.ui-testing";
		};
/* End PBXNativeTarget section */

/* Begin PBXProject section */
		286480AF254201D7006483B6 /* Project object */ = {
			isa = PBXProject;
			attributes = {
				LastSwiftUpdateCheck = 1130;
				LastUpgradeCheck = 1210;
				ORGANIZATIONNAME = Codepath;
				TargetAttributes = {
					286480B6254201D8006483B6 = {
						CreatedOnToolsVersion = 11.3.1;
					};
					286480CC254201DB006483B6 = {
						CreatedOnToolsVersion = 11.3.1;
						TestTargetID = 286480B6254201D8006483B6;
					};
					286480D7254201DB006483B6 = {
						CreatedOnToolsVersion = 11.3.1;
						TestTargetID = 286480B6254201D8006483B6;
					};
				};
			};
			buildConfigurationList = 286480B2254201D7006483B6 /* Build configuration list for PBXProject "parstagram" */;
			compatibilityVersion = "Xcode 9.3";
			developmentRegion = en;
			hasScannedForEncodings = 0;
			knownRegions = (
				en,
				Base,
			);
			mainGroup = 286480AE254201D7006483B6;
			productRefGroup = 286480B8254201D8006483B6 /* Products */;
			projectDirPath = "";
			projectRoot = "";
			targets = (
				286480B6254201D8006483B6 /* parstagram */,
				286480CC254201DB006483B6 /* parstagramTests */,
				286480D7254201DB006483B6 /* parstagramUITests */,
			);
		};
/* End PBXProject section */

/* Begin PBXResourcesBuildPhase section */
		286480B5254201D8006483B6 /* Resources */ = {
			isa = PBXResourcesBuildPhase;
			buildActionMask = 2147483647;
			files = (
				286480C7254201DB006483B6 /* LaunchScreen.storyboard in Resources */,
				286480C4254201DB006483B6 /* Assets.xcassets in Resources */,
				286480C2254201D8006483B6 /* Main.storyboard in Resources */,
			);
			runOnlyForDeploymentPostprocessing = 0;
		};
		286480CB254201DB006483B6 /* Resources */ = {
			isa = PBXResourcesBuildPhase;
			buildActionMask = 2147483647;
			files = (
			);
			runOnlyForDeploymentPostprocessing = 0;
		};
		286480D6254201DB006483B6 /* Resources */ = {
			isa = PBXResourcesBuildPhase;
			buildActionMask = 2147483647;
			files = (
			);
			runOnlyForDeploymentPostprocessing = 0;
		};
/* End PBXResourcesBuildPhase section */

/* Begin PBXShellScriptBuildPhase section */
		2CFC9BB03539CD6FEDA879F5 /* [CP] Check Pods Manifest.lock */ = {
			isa = PBXShellScriptBuildPhase;
			buildActionMask = 2147483647;
			files = (
			);
			inputFileListPaths = (
			);
			inputPaths = (
				"${PODS_PODFILE_DIR_PATH}/Podfile.lock",
				"${PODS_ROOT}/Manifest.lock",
			);
			name = "[CP] Check Pods Manifest.lock";
			outputFileListPaths = (
			);
			outputPaths = (
				"$(DERIVED_FILE_DIR)/Pods-parstagram-checkManifestLockResult.txt",
			);
			runOnlyForDeploymentPostprocessing = 0;
			shellPath = /bin/sh;
			shellScript = "diff \"${PODS_PODFILE_DIR_PATH}/Podfile.lock\" \"${PODS_ROOT}/Manifest.lock\" > /dev/null\nif [ $? != 0 ] ; then\n    # print error to STDERR\n    echo \"error: The sandbox is not in sync with the Podfile.lock. Run 'pod install' or update your CocoaPods installation.\" >&2\n    exit 1\nfi\n# This output is used by Xcode 'outputs' to avoid re-running this script phase.\necho \"SUCCESS\" > \"${SCRIPT_OUTPUT_FILE_0}\"\n";
			showEnvVarsInLog = 0;
		};
		5983703C8BFE9A1D9239B81C /* [CP] Check Pods Manifest.lock */ = {
			isa = PBXShellScriptBuildPhase;
			buildActionMask = 2147483647;
			files = (
			);
			inputFileListPaths = (
			);
			inputPaths = (
				"${PODS_PODFILE_DIR_PATH}/Podfile.lock",
				"${PODS_ROOT}/Manifest.lock",
			);
			name = "[CP] Check Pods Manifest.lock";
			outputFileListPaths = (
			);
			outputPaths = (
				"$(DERIVED_FILE_DIR)/Pods-parstagramTests-checkManifestLockResult.txt",
			);
			runOnlyForDeploymentPostprocessing = 0;
			shellPath = /bin/sh;
			shellScript = "diff \"${PODS_PODFILE_DIR_PATH}/Podfile.lock\" \"${PODS_ROOT}/Manifest.lock\" > /dev/null\nif [ $? != 0 ] ; then\n    # print error to STDERR\n    echo \"error: The sandbox is not in sync with the Podfile.lock. Run 'pod install' or update your CocoaPods installation.\" >&2\n    exit 1\nfi\n# This output is used by Xcode 'outputs' to avoid re-running this script phase.\necho \"SUCCESS\" > \"${SCRIPT_OUTPUT_FILE_0}\"\n";
			showEnvVarsInLog = 0;
		};
		8436095EFF3F04ABE819CE9B /* [CP] Check Pods Manifest.lock */ = {
			isa = PBXShellScriptBuildPhase;
			buildActionMask = 2147483647;
			files = (
			);
			inputFileListPaths = (
			);
			inputPaths = (
				"${PODS_PODFILE_DIR_PATH}/Podfile.lock",
				"${PODS_ROOT}/Manifest.lock",
			);
			name = "[CP] Check Pods Manifest.lock";
			outputFileListPaths = (
			);
			outputPaths = (
				"$(DERIVED_FILE_DIR)/Pods-parstagram-parstagramUITests-checkManifestLockResult.txt",
			);
			runOnlyForDeploymentPostprocessing = 0;
			shellPath = /bin/sh;
			shellScript = "diff \"${PODS_PODFILE_DIR_PATH}/Podfile.lock\" \"${PODS_ROOT}/Manifest.lock\" > /dev/null\nif [ $? != 0 ] ; then\n    # print error to STDERR\n    echo \"error: The sandbox is not in sync with the Podfile.lock. Run 'pod install' or update your CocoaPods installation.\" >&2\n    exit 1\nfi\n# This output is used by Xcode 'outputs' to avoid re-running this script phase.\necho \"SUCCESS\" > \"${SCRIPT_OUTPUT_FILE_0}\"\n";
			showEnvVarsInLog = 0;
		};
		C38F913683500D9E75D202DE /* [CP] Embed Pods Frameworks */ = {
			isa = PBXShellScriptBuildPhase;
			buildActionMask = 2147483647;
			files = (
			);
			inputFileListPaths = (
				"${PODS_ROOT}/Target Support Files/Pods-parstagram/Pods-parstagram-frameworks-${CONFIGURATION}-input-files.xcfilelist",
			);
			name = "[CP] Embed Pods Frameworks";
			outputFileListPaths = (
				"${PODS_ROOT}/Target Support Files/Pods-parstagram/Pods-parstagram-frameworks-${CONFIGURATION}-output-files.xcfilelist",
			);
			runOnlyForDeploymentPostprocessing = 0;
			shellPath = /bin/sh;
			shellScript = "\"${PODS_ROOT}/Target Support Files/Pods-parstagram/Pods-parstagram-frameworks.sh\"\n";
			showEnvVarsInLog = 0;
		};
		F718C64F58B399510525A48C /* [CP] Embed Pods Frameworks */ = {
			isa = PBXShellScriptBuildPhase;
			buildActionMask = 2147483647;
			files = (
			);
			inputFileListPaths = (
				"${PODS_ROOT}/Target Support Files/Pods-parstagram-parstagramUITests/Pods-parstagram-parstagramUITests-frameworks-${CONFIGURATION}-input-files.xcfilelist",
			);
			name = "[CP] Embed Pods Frameworks";
			outputFileListPaths = (
				"${PODS_ROOT}/Target Support Files/Pods-parstagram-parstagramUITests/Pods-parstagram-parstagramUITests-frameworks-${CONFIGURATION}-output-files.xcfilelist",
			);
			runOnlyForDeploymentPostprocessing = 0;
			shellPath = /bin/sh;
			shellScript = "\"${PODS_ROOT}/Target Support Files/Pods-parstagram-parstagramUITests/Pods-parstagram-parstagramUITests-frameworks.sh\"\n";
			showEnvVarsInLog = 0;
		};
/* End PBXShellScriptBuildPhase section */

/* Begin PBXSourcesBuildPhase section */
		286480B3254201D8006483B6 /* Sources */ = {
			isa = PBXSourcesBuildPhase;
			buildActionMask = 2147483647;
			files = (
				28DF3A4225423C5A0012EBA2 /* LoginViewController.swift in Sources */,
				2872BEE92542C708005B72C3 /* CameraViewController.swift in Sources */,
				286480BB254201D8006483B6 /* AppDelegate.swift in Sources */,
				28DF3A4425423C640012EBA2 /* FeedViewController.swift in Sources */,
				286480BD254201D8006483B6 /* SceneDelegate.swift in Sources */,
				2825B2622542DBFD00D6578B /* PostCell.swift in Sources */,
				283B7AA7254CE9E300754F07 /* CommentCell.swift in Sources */,
			);
			runOnlyForDeploymentPostprocessing = 0;
		};
		286480C9254201DB006483B6 /* Sources */ = {
			isa = PBXSourcesBuildPhase;
			buildActionMask = 2147483647;
			files = (
				286480D2254201DB006483B6 /* parstagramTests.swift in Sources */,
			);
			runOnlyForDeploymentPostprocessing = 0;
		};
		286480D4254201DB006483B6 /* Sources */ = {
			isa = PBXSourcesBuildPhase;
			buildActionMask = 2147483647;
			files = (
				286480DD254201DB006483B6 /* parstagramUITests.swift in Sources */,
			);
			runOnlyForDeploymentPostprocessing = 0;
		};
/* End PBXSourcesBuildPhase section */

/* Begin PBXTargetDependency section */
		286480CF254201DB006483B6 /* PBXTargetDependency */ = {
			isa = PBXTargetDependency;
			target = 286480B6254201D8006483B6 /* parstagram */;
			targetProxy = 286480CE254201DB006483B6 /* PBXContainerItemProxy */;
		};
		286480DA254201DB006483B6 /* PBXTargetDependency */ = {
			isa = PBXTargetDependency;
			target = 286480B6254201D8006483B6 /* parstagram */;
			targetProxy = 286480D9254201DB006483B6 /* PBXContainerItemProxy */;
		};
/* End PBXTargetDependency section */

/* Begin PBXVariantGroup section */
		286480C0254201D8006483B6 /* Main.storyboard */ = {
			isa = PBXVariantGroup;
			children = (
				286480C1254201D8006483B6 /* Base */,
			);
			name = Main.storyboard;
			sourceTree = "<group>";
		};
		286480C5254201DB006483B6 /* LaunchScreen.storyboard */ = {
			isa = PBXVariantGroup;
			children = (
				286480C6254201DB006483B6 /* Base */,
			);
			name = LaunchScreen.storyboard;
			sourceTree = "<group>";
		};
/* End PBXVariantGroup section */

/* Begin XCBuildConfiguration section */
		286480DF254201DB006483B6 /* Debug */ = {
			isa = XCBuildConfiguration;
			buildSettings = {
				ALWAYS_SEARCH_USER_PATHS = NO;
				CLANG_ANALYZER_NONNULL = YES;
				CLANG_ANALYZER_NUMBER_OBJECT_CONVERSION = YES_AGGRESSIVE;
				CLANG_CXX_LANGUAGE_STANDARD = "gnu++14";
				CLANG_CXX_LIBRARY = "libc++";
				CLANG_ENABLE_MODULES = YES;
				CLANG_ENABLE_OBJC_ARC = YES;
				CLANG_ENABLE_OBJC_WEAK = YES;
				CLANG_WARN_BLOCK_CAPTURE_AUTORELEASING = YES;
				CLANG_WARN_BOOL_CONVERSION = YES;
				CLANG_WARN_COMMA = YES;
				CLANG_WARN_CONSTANT_CONVERSION = YES;
				CLANG_WARN_DEPRECATED_OBJC_IMPLEMENTATIONS = YES;
				CLANG_WARN_DIRECT_OBJC_ISA_USAGE = YES_ERROR;
				CLANG_WARN_DOCUMENTATION_COMMENTS = YES;
				CLANG_WARN_EMPTY_BODY = YES;
				CLANG_WARN_ENUM_CONVERSION = YES;
				CLANG_WARN_INFINITE_RECURSION = YES;
				CLANG_WARN_INT_CONVERSION = YES;
				CLANG_WARN_NON_LITERAL_NULL_CONVERSION = YES;
				CLANG_WARN_OBJC_IMPLICIT_RETAIN_SELF = YES;
				CLANG_WARN_OBJC_LITERAL_CONVERSION = YES;
				CLANG_WARN_OBJC_ROOT_CLASS = YES_ERROR;
				CLANG_WARN_QUOTED_INCLUDE_IN_FRAMEWORK_HEADER = YES;
				CLANG_WARN_RANGE_LOOP_ANALYSIS = YES;
				CLANG_WARN_STRICT_PROTOTYPES = YES;
				CLANG_WARN_SUSPICIOUS_MOVE = YES;
				CLANG_WARN_UNGUARDED_AVAILABILITY = YES_AGGRESSIVE;
				CLANG_WARN_UNREACHABLE_CODE = YES;
				CLANG_WARN__DUPLICATE_METHOD_MATCH = YES;
				COPY_PHASE_STRIP = NO;
				DEBUG_INFORMATION_FORMAT = dwarf;
				ENABLE_STRICT_OBJC_MSGSEND = YES;
				ENABLE_TESTABILITY = YES;
				GCC_C_LANGUAGE_STANDARD = gnu11;
				GCC_DYNAMIC_NO_PIC = NO;
				GCC_NO_COMMON_BLOCKS = YES;
				GCC_OPTIMIZATION_LEVEL = 0;
				GCC_PREPROCESSOR_DEFINITIONS = (
					"DEBUG=1",
					"$(inherited)",
				);
				GCC_WARN_64_TO_32_BIT_CONVERSION = YES;
				GCC_WARN_ABOUT_RETURN_TYPE = YES_ERROR;
				GCC_WARN_UNDECLARED_SELECTOR = YES;
				GCC_WARN_UNINITIALIZED_AUTOS = YES_AGGRESSIVE;
				GCC_WARN_UNUSED_FUNCTION = YES;
				GCC_WARN_UNUSED_VARIABLE = YES;
				IPHONEOS_DEPLOYMENT_TARGET = 13.2;
				MTL_ENABLE_DEBUG_INFO = INCLUDE_SOURCE;
				MTL_FAST_MATH = YES;
				ONLY_ACTIVE_ARCH = YES;
				SDKROOT = iphoneos;
				SWIFT_ACTIVE_COMPILATION_CONDITIONS = DEBUG;
				SWIFT_OPTIMIZATION_LEVEL = "-Onone";
			};
			name = Debug;
		};
		286480E0254201DB006483B6 /* Release */ = {
			isa = XCBuildConfiguration;
			buildSettings = {
				ALWAYS_SEARCH_USER_PATHS = NO;
				CLANG_ANALYZER_NONNULL = YES;
				CLANG_ANALYZER_NUMBER_OBJECT_CONVERSION = YES_AGGRESSIVE;
				CLANG_CXX_LANGUAGE_STANDARD = "gnu++14";
				CLANG_CXX_LIBRARY = "libc++";
				CLANG_ENABLE_MODULES = YES;
				CLANG_ENABLE_OBJC_ARC = YES;
				CLANG_ENABLE_OBJC_WEAK = YES;
				CLANG_WARN_BLOCK_CAPTURE_AUTORELEASING = YES;
				CLANG_WARN_BOOL_CONVERSION = YES;
				CLANG_WARN_COMMA = YES;
				CLANG_WARN_CONSTANT_CONVERSION = YES;
				CLANG_WARN_DEPRECATED_OBJC_IMPLEMENTATIONS = YES;
				CLANG_WARN_DIRECT_OBJC_ISA_USAGE = YES_ERROR;
				CLANG_WARN_DOCUMENTATION_COMMENTS = YES;
				CLANG_WARN_EMPTY_BODY = YES;
				CLANG_WARN_ENUM_CONVERSION = YES;
				CLANG_WARN_INFINITE_RECURSION = YES;
				CLANG_WARN_INT_CONVERSION = YES;
				CLANG_WARN_NON_LITERAL_NULL_CONVERSION = YES;
				CLANG_WARN_OBJC_IMPLICIT_RETAIN_SELF = YES;
				CLANG_WARN_OBJC_LITERAL_CONVERSION = YES;
				CLANG_WARN_OBJC_ROOT_CLASS = YES_ERROR;
				CLANG_WARN_QUOTED_INCLUDE_IN_FRAMEWORK_HEADER = YES;
				CLANG_WARN_RANGE_LOOP_ANALYSIS = YES;
				CLANG_WARN_STRICT_PROTOTYPES = YES;
				CLANG_WARN_SUSPICIOUS_MOVE = YES;
				CLANG_WARN_UNGUARDED_AVAILABILITY = YES_AGGRESSIVE;
				CLANG_WARN_UNREACHABLE_CODE = YES;
				CLANG_WARN__DUPLICATE_METHOD_MATCH = YES;
				COPY_PHASE_STRIP = NO;
				DEBUG_INFORMATION_FORMAT = "dwarf-with-dsym";
				ENABLE_NS_ASSERTIONS = NO;
				ENABLE_STRICT_OBJC_MSGSEND = YES;
				GCC_C_LANGUAGE_STANDARD = gnu11;
				GCC_NO_COMMON_BLOCKS = YES;
				GCC_WARN_64_TO_32_BIT_CONVERSION = YES;
				GCC_WARN_ABOUT_RETURN_TYPE = YES_ERROR;
				GCC_WARN_UNDECLARED_SELECTOR = YES;
				GCC_WARN_UNINITIALIZED_AUTOS = YES_AGGRESSIVE;
				GCC_WARN_UNUSED_FUNCTION = YES;
				GCC_WARN_UNUSED_VARIABLE = YES;
				IPHONEOS_DEPLOYMENT_TARGET = 13.2;
				MTL_ENABLE_DEBUG_INFO = NO;
				MTL_FAST_MATH = YES;
				SDKROOT = iphoneos;
				SWIFT_COMPILATION_MODE = wholemodule;
				SWIFT_OPTIMIZATION_LEVEL = "-O";
				VALIDATE_PRODUCT = YES;
			};
			name = Release;
		};
		286480E2254201DB006483B6 /* Debug */ = {
			isa = XCBuildConfiguration;
			baseConfigurationReference = 74EEA6483D2E2695D30B28B9 /* Pods-parstagram.debug.xcconfig */;
			buildSettings = {
				ASSETCATALOG_COMPILER_APPICON_NAME = AppIcon;
				CODE_SIGN_STYLE = Automatic;
				INFOPLIST_FILE = parstagram/Info.plist;
				LD_RUNPATH_SEARCH_PATHS = (
					"$(inherited)",
					"@executable_path/Frameworks",
				);
				PRODUCT_BUNDLE_IDENTIFIER = Codepath.parstagram;
				PRODUCT_NAME = "$(TARGET_NAME)";
				SWIFT_VERSION = 5.0;
				TARGETED_DEVICE_FAMILY = "1,2";
			};
			name = Debug;
		};
		286480E3254201DB006483B6 /* Release */ = {
			isa = XCBuildConfiguration;
			baseConfigurationReference = 96CE0C7C6BF757C29E6098D0 /* Pods-parstagram.release.xcconfig */;
			buildSettings = {
				ASSETCATALOG_COMPILER_APPICON_NAME = AppIcon;
				CODE_SIGN_STYLE = Automatic;
				INFOPLIST_FILE = parstagram/Info.plist;
				LD_RUNPATH_SEARCH_PATHS = (
					"$(inherited)",
					"@executable_path/Frameworks",
				);
				PRODUCT_BUNDLE_IDENTIFIER = Codepath.parstagram;
				PRODUCT_NAME = "$(TARGET_NAME)";
				SWIFT_VERSION = 5.0;
				TARGETED_DEVICE_FAMILY = "1,2";
			};
			name = Release;
		};
		286480E5254201DB006483B6 /* Debug */ = {
			isa = XCBuildConfiguration;
			baseConfigurationReference = 99B0427308B8EC2158D0584C /* Pods-parstagramTests.debug.xcconfig */;
			buildSettings = {
				ALWAYS_EMBED_SWIFT_STANDARD_LIBRARIES = YES;
				BUNDLE_LOADER = "$(TEST_HOST)";
				CODE_SIGN_STYLE = Automatic;
				INFOPLIST_FILE = parstagramTests/Info.plist;
				IPHONEOS_DEPLOYMENT_TARGET = 13.2;
				LD_RUNPATH_SEARCH_PATHS = (
					"$(inherited)",
					"@executable_path/Frameworks",
					"@loader_path/Frameworks",
				);
				PRODUCT_BUNDLE_IDENTIFIER = Codepath.parstagramTests;
				PRODUCT_NAME = "$(TARGET_NAME)";
				SWIFT_VERSION = 5.0;
				TARGETED_DEVICE_FAMILY = "1,2";
				TEST_HOST = "$(BUILT_PRODUCTS_DIR)/parstagram.app/parstagram";
			};
			name = Debug;
		};
		286480E6254201DB006483B6 /* Release */ = {
			isa = XCBuildConfiguration;
			baseConfigurationReference = 29359A4894E145C5620AFE75 /* Pods-parstagramTests.release.xcconfig */;
			buildSettings = {
				ALWAYS_EMBED_SWIFT_STANDARD_LIBRARIES = YES;
				BUNDLE_LOADER = "$(TEST_HOST)";
				CODE_SIGN_STYLE = Automatic;
				INFOPLIST_FILE = parstagramTests/Info.plist;
				IPHONEOS_DEPLOYMENT_TARGET = 13.2;
				LD_RUNPATH_SEARCH_PATHS = (
					"$(inherited)",
					"@executable_path/Frameworks",
					"@loader_path/Frameworks",
				);
				PRODUCT_BUNDLE_IDENTIFIER = Codepath.parstagramTests;
				PRODUCT_NAME = "$(TARGET_NAME)";
				SWIFT_VERSION = 5.0;
				TARGETED_DEVICE_FAMILY = "1,2";
				TEST_HOST = "$(BUILT_PRODUCTS_DIR)/parstagram.app/parstagram";
			};
			name = Release;
		};
		286480E8254201DB006483B6 /* Debug */ = {
			isa = XCBuildConfiguration;
			baseConfigurationReference = 1050F0346E1E7813FC8CC23B /* Pods-parstagram-parstagramUITests.debug.xcconfig */;
			buildSettings = {
				ALWAYS_EMBED_SWIFT_STANDARD_LIBRARIES = YES;
				CODE_SIGN_STYLE = Automatic;
				INFOPLIST_FILE = parstagramUITests/Info.plist;
				LD_RUNPATH_SEARCH_PATHS = (
					"$(inherited)",
					"@executable_path/Frameworks",
					"@loader_path/Frameworks",
				);
				PRODUCT_BUNDLE_IDENTIFIER = Codepath.parstagramUITests;
				PRODUCT_NAME = "$(TARGET_NAME)";
				SWIFT_VERSION = 5.0;
				TARGETED_DEVICE_FAMILY = "1,2";
				TEST_TARGET_NAME = parstagram;
			};
			name = Debug;
		};
		286480E9254201DB006483B6 /* Release */ = {
			isa = XCBuildConfiguration;
			baseConfigurationReference = CFEC9F45D766431FB55367C0 /* Pods-parstagram-parstagramUITests.release.xcconfig */;
			buildSettings = {
				ALWAYS_EMBED_SWIFT_STANDARD_LIBRARIES = YES;
				CODE_SIGN_STYLE = Automatic;
				INFOPLIST_FILE = parstagramUITests/Info.plist;
				LD_RUNPATH_SEARCH_PATHS = (
					"$(inherited)",
					"@executable_path/Frameworks",
					"@loader_path/Frameworks",
				);
				PRODUCT_BUNDLE_IDENTIFIER = Codepath.parstagramUITests;
				PRODUCT_NAME = "$(TARGET_NAME)";
				SWIFT_VERSION = 5.0;
				TARGETED_DEVICE_FAMILY = "1,2";
				TEST_TARGET_NAME = parstagram;
			};
			name = Release;
		};
/* End XCBuildConfiguration section */

/* Begin XCConfigurationList section */
		286480B2254201D7006483B6 /* Build configuration list for PBXProject "parstagram" */ = {
			isa = XCConfigurationList;
			buildConfigurations = (
				286480DF254201DB006483B6 /* Debug */,
				286480E0254201DB006483B6 /* Release */,
			);
			defaultConfigurationIsVisible = 0;
			defaultConfigurationName = Release;
		};
		286480E1254201DB006483B6 /* Build configuration list for PBXNativeTarget "parstagram" */ = {
			isa = XCConfigurationList;
			buildConfigurations = (
				286480E2254201DB006483B6 /* Debug */,
				286480E3254201DB006483B6 /* Release */,
			);
			defaultConfigurationIsVisible = 0;
			defaultConfigurationName = Release;
		};
		286480E4254201DB006483B6 /* Build configuration list for PBXNativeTarget "parstagramTests" */ = {
			isa = XCConfigurationList;
			buildConfigurations = (
				286480E5254201DB006483B6 /* Debug */,
				286480E6254201DB006483B6 /* Release */,
			);
			defaultConfigurationIsVisible = 0;
			defaultConfigurationName = Release;
		};
		286480E7254201DB006483B6 /* Build configuration list for PBXNativeTarget "parstagramUITests" */ = {
			isa = XCConfigurationList;
			buildConfigurations = (
				286480E8254201DB006483B6 /* Debug */,
				286480E9254201DB006483B6 /* Release */,
			);
			defaultConfigurationIsVisible = 0;
			defaultConfigurationName = Release;
		};
/* End XCConfigurationList section */
	};
	rootObject = 286480AF254201D7006483B6 /* Project object */;
}
